
Microsoft Visual Studio Solution File, Format Version 12.00
# Visual Studio 14
VisualStudioVersion = 14.0.23107.0
MinimumVisualStudioVersion = 10.0.40219.1
Project("{FAE04EC0-301F-11D3-BF4B-00C04F79EFBC}") = "Examen1", "Examen1\Examen1.csproj", "{07F2799D-320E-40FA-8FA1-CB5D59868689}"
EndProject
Global
	GlobalSection(SolutionConfigurationPlatforms) = preSolution
		Debug|Any CPU = Debug|Any CPU
		Release|Any CPU = Release|Any CPU
	EndGlobalSection
	GlobalSection(ProjectConfigurationPlatforms) = postSolution
		{07F2799D-320E-40FA-8FA1-CB5D59868689}.Debug|Any CPU.ActiveCfg = Debug|Any CPU
		{07F2799D-320E-40FA-8FA1-CB5D59868689}.Debug|Any CPU.Build.0 = Debug|Any CPU
		{07F2799D-320E-40FA-8FA1-CB5D59868689}.Release|Any CPU.ActiveCfg = Release|Any CPU
		{07F2799D-320E-40FA-8FA1-CB5D59868689}.Release|Any CPU.Build.0 = Release|Any CPU
	EndGlobalSection
	GlobalSection(SolutionProperties) = preSolution
		HideSolutionNode = FALSE
	EndGlobalSection
EndGlobal
